<?xml version="1.0" encoding="utf-8"?>
<Project ToolsVersion="4.0" xmlns="http://schemas.microsoft.com/developer/msbuild/2003">
  <ItemGroup>
    <Filter Include="Source Files">
      <UniqueIdentifier>{4FC737F1-C7A5-4376-A066-2A32D752A2FF}</UniqueIdentifier>
      <Extensions>cpp;c;cc;cxx;def;odl;idl;hpj;bat;asm;asmx</Extensions>
    </Filter>
    <Filter Include="Header Files">
      <UniqueIdentifier>{93995380-89BD-4b04-88EB-625FBE52EBFB}</UniqueIdentifier>
      <Extensions>h;hh;hpp;hxx;hm;inl;inc;xsd</Extensions>
    </Filter>
    <Filter Include="Resource Files">
      <UniqueIdentifier>{67DA6AB6-F800-4c08-8B7A-83BB121AAD01}</UniqueIdentifier>
      <Extensions>rc;ico;cur;bmp;dlg;rc2;rct;bin;rgs;gif;jpg;jpeg;jpe;resx;tiff;tif;png;wav;mfcribbon-ms</Extensions>
    </Filter>
    <Filter Include="ASIO">
      <UniqueIdentifier>{b818e61b-41f3-48e6-952b-d0c06783c2bc}</UniqueIdentifier>
    </Filter>
    <Filter Include="MP3">
      <UniqueIdentifier>{fa68680f-8472-43ac-99a6-5ba87ab547fa}</UniqueIdentifier>
    </Filter>
  </ItemGroup>
  <ItemGroup>
    <ClInclude Include="stdafx.h">
      <Filter>Header Files</Filter>
    </ClInclude>
    <ClInclude Include="targetver.h">
      <Filter>Header Files</Filter>
    </ClInclude>
    <ClInclude Include="Resource.h">
      <Filter>Header Files</Filter>
    </ClInclude>
    <ClInclude Include="AsioMP3.h">
      <Filter>Header Files</Filter>
    </ClInclude>
    <ClInclude Include="PlayerDlg.h">
      <Filter>Header Files</Filter>
    </ClInclude>
    <ClInclude Include="dbgtrace.h">
      <Filter>Header Files</Filter>
    </ClInclude>
    <ClInclude Include="mp3dec\libc.h">
      <Filter>MP3</Filter>
    </ClInclude>
    <ClInclude Include="mp3dec\minimp3.h">
      <Filter>MP3</Filter>
    </ClInclude>
    <ClInclude Include="DecodeMP3.h">
      <Filter>MP3</Filter>
    </ClInclude>
  </ItemGroup>
  <ItemGroup>
    <ClCompile Include="stdafx.cpp">
      <Filter>Source Files</Filter>
    </ClCompile>
    <ClCompile Include="AsioMP3.cpp">
      <Filter>Source Files</Filter>
    </ClCompile>
    <ClCompile Include="PlayerDlg.cpp">
      <Filter>Source Files</Filter>
    </ClCompile>
    <ClCompile Include="dbgtrace.cpp">
      <Filter>Source Files</Filter>
    </ClCompile>
    <ClCompile Include="asio\hostsample.cpp">
      <Filter>ASIO</Filter>
    </ClCompile>
    <ClCompile Include="asio\asiodrivers.cpp">
      <Filter>ASIO</Filter>
    </ClCompile>
    <ClCompile Include="asio\asio.cpp">
      <Filter>ASIO</Filter>
    </ClCompile>
    <ClCompile Include="asio\asiolist.cpp">
      <Filter>ASIO</Filter>
    </ClCompile>
    <ClCompile Include="util.cpp">
      <Filter>Source Files</Filter>
    </ClCompile>
    <ClCompile Include="mp3dec\minimp3.c">
      <Filter>MP3</Filter>
    </ClCompile>
    <ClCompile Include="DecodeMP3.cpp">
      <Filter>MP3</Filter>
    </ClCompile>
  </ItemGroup>
  <ItemGroup>
    <ResourceCompile Include="AsioMP3.rc">
      <Filter>Resource Files</Filter>
    </ResourceCompile>
  </ItemGroup>
</Project>